
Microsoft Visual Studio Solution File, Format Version 12.00
# Visual Studio Version 17
VisualStudioVersion = 17.0.31903.59
MinimumVisualStudioVersion = 10.0.40219.1
Project("{2150E333-8FDC-42A3-9474-1A3956D46DE8}") = "src", "src", "{74BC8804-D043-4FC9-903F-AD6345894B5C}"
EndProject
Project("{FAE04EC0-301F-11D3-BF4B-00C04F79EFBC}") = "NoFramework", "src\NoFramework\NoFramework.csproj", "{D56887CD-AA29-4D55-9234-10B4769E6720}"
EndProject
Global
	GlobalSection(SolutionConfigurationPlatforms) = preSolution
		Debug|Any CPU = Debug|Any CPU
		Release|Any CPU = Release|Any CPU
	EndGlobalSection
	GlobalSection(SolutionProperties) = preSolution
		HideSolutionNode = FALSE
	EndGlobalSection
	GlobalSection(ProjectConfigurationPlatforms) = postSolution
		{D56887CD-AA29-4D55-9234-10B4769E6720}.Debug|Any CPU.ActiveCfg = Debug|Any CPU
		{D56887CD-AA29-4D55-9234-10B4769E6720}.Debug|Any CPU.Build.0 = Debug|Any CPU
		{D56887CD-AA29-4D55-9234-10B4769E6720}.Release|Any CPU.ActiveCfg = Release|Any CPU
		{D56887CD-AA29-4D55-9234-10B4769E6720}.Release|Any CPU.Build.0 = Release|Any CPU
	EndGlobalSection
	GlobalSection(NestedProjects) = preSolution
		{D56887CD-AA29-4D55-9234-10B4769E6720} = {74BC8804-D043-4FC9-903F-AD6345894B5C}
	EndGlobalSection
EndGlobal
